
Microsoft Visual Studio Solution File, Format Version 12.00
# Visual Studio Version 16
VisualStudioVersion = 16.0.32002.261
MinimumVisualStudioVersion = 10.0.40219.1
Project("{FAE04EC0-301F-11D3-BF4B-00C04F79EFBC}") = "Lowest Common Ancestor of a Binary Tree", "Lowest Common Ancestor of a Binary Tree\Lowest Common Ancestor of a Binary Tree.csproj", "{A69B6CB4-6528-43CB-8E07-DFC40745892B}"
EndProject
Global
	GlobalSection(SolutionConfigurationPlatforms) = preSolution
		Debug|Any CPU = Debug|Any CPU
		Release|Any CPU = Release|Any CPU
	EndGlobalSection
	GlobalSection(ProjectConfigurationPlatforms) = postSolution
		{A69B6CB4-6528-43CB-8E07-DFC40745892B}.Debug|Any CPU.ActiveCfg = Debug|Any CPU
		{A69B6CB4-6528-43CB-8E07-DFC40745892B}.Debug|Any CPU.Build.0 = Debug|Any CPU
		{A69B6CB4-6528-43CB-8E07-DFC40745892B}.Release|Any CPU.ActiveCfg = Release|Any CPU
		{A69B6CB4-6528-43CB-8E07-DFC40745892B}.Release|Any CPU.Build.0 = Release|Any CPU
	EndGlobalSection
	GlobalSection(SolutionProperties) = preSolution
		HideSolutionNode = FALSE
	EndGlobalSection
	GlobalSection(ExtensibilityGlobals) = postSolution
		SolutionGuid = {D05C1C88-A21B-41A0-8AD8-C098086D13F9}
	EndGlobalSection
EndGlobal
